
Microsoft Visual Studio Solution File, Format Version 12.00
# Visual Studio Version 16
VisualStudioVersion = 16.0.30011.22
MinimumVisualStudioVersion = 10.0.40219.1
Project("{9A19103F-16F7-4668-BE54-9A1E7A4F7556}") = "mitoSoft.Graphs", "mitoSoft.Graphs\mitoSoft.Graphs.csproj", "{51B48826-197D-4FB9-A8C8-8C2C62A2C31D}"
EndProject
Project("{9A19103F-16F7-4668-BE54-9A1E7A4F7556}") = "mitoSoft.Graphs.Analysis", "mitoSoft.Graphs.Analysis\mitoSoft.Graphs.Analysis.csproj", "{9F8734FC-F4D5-4010-B247-9029952760B0}"
EndProject
Project("{9A19103F-16F7-4668-BE54-9A1E7A4F7556}") = "mitoSoft.Graphs.GraphVizInterop", "mitoSoft.Graphs.GraphVizInterop\mitoSoft.Graphs.GraphVizInterop.csproj", "{5192A817-50EB-415C-AF4F-A86B67412C0C}"
EndProject
Project("{9A19103F-16F7-4668-BE54-9A1E7A4F7556}") = "mitoSoft.Graphs.Tests.NetCore", "mitoSoft.Graphs.Tests.NetCore\mitoSoft.Graphs.Tests.NetCore.csproj", "{3C8BE979-0A42-4834-8B9E-D0C87502F087}"
EndProject
Global
	GlobalSection(SolutionConfigurationPlatforms) = preSolution
		Debug|Any CPU = Debug|Any CPU
		Release|Any CPU = Release|Any CPU
	EndGlobalSection
	GlobalSection(ProjectConfigurationPlatforms) = postSolution
		{51B48826-197D-4FB9-A8C8-8C2C62A2C31D}.Debug|Any CPU.ActiveCfg = Debug|Any CPU
		{51B48826-197D-4FB9-A8C8-8C2C62A2C31D}.Debug|Any CPU.Build.0 = Debug|Any CPU
		{51B48826-197D-4FB9-A8C8-8C2C62A2C31D}.Release|Any CPU.ActiveCfg = Release|Any CPU
		{51B48826-197D-4FB9-A8C8-8C2C62A2C31D}.Release|Any CPU.Build.0 = Release|Any CPU
		{9F8734FC-F4D5-4010-B247-9029952760B0}.Debug|Any CPU.ActiveCfg = Debug|Any CPU
		{9F8734FC-F4D5-4010-B247-9029952760B0}.Debug|Any CPU.Build.0 = Debug|Any CPU
		{9F8734FC-F4D5-4010-B247-9029952760B0}.Release|Any CPU.ActiveCfg = Release|Any CPU
		{9F8734FC-F4D5-4010-B247-9029952760B0}.Release|Any CPU.Build.0 = Release|Any CPU
		{5192A817-50EB-415C-AF4F-A86B67412C0C}.Debug|Any CPU.ActiveCfg = Debug|Any CPU
		{5192A817-50EB-415C-AF4F-A86B67412C0C}.Debug|Any CPU.Build.0 = Debug|Any CPU
		{5192A817-50EB-415C-AF4F-A86B67412C0C}.Release|Any CPU.ActiveCfg = Release|Any CPU
		{5192A817-50EB-415C-AF4F-A86B67412C0C}.Release|Any CPU.Build.0 = Release|Any CPU
		{3C8BE979-0A42-4834-8B9E-D0C87502F087}.Debug|Any CPU.ActiveCfg = Debug|Any CPU
		{3C8BE979-0A42-4834-8B9E-D0C87502F087}.Debug|Any CPU.Build.0 = Debug|Any CPU
		{3C8BE979-0A42-4834-8B9E-D0C87502F087}.Release|Any CPU.ActiveCfg = Release|Any CPU
		{3C8BE979-0A42-4834-8B9E-D0C87502F087}.Release|Any CPU.Build.0 = Release|Any CPU
	EndGlobalSection
	GlobalSection(SolutionProperties) = preSolution
		HideSolutionNode = FALSE
	EndGlobalSection
	GlobalSection(ExtensibilityGlobals) = postSolution
		SolutionGuid = {CF35A729-2404-4D46-8F2B-3AC85DE64D76}
	EndGlobalSection
EndGlobal
