
Microsoft Visual Studio Solution File, Format Version 12.00
# Visual Studio Version 16
VisualStudioVersion = 16.0.29926.136
MinimumVisualStudioVersion = 10.0.40219.1
Project("{FAE04EC0-301F-11D3-BF4B-00C04F79EFBC}") = "mitoSoft.Graphs", "mitoSoft.Graphs\mitoSoft.Graphs.csproj", "{B91D512C-8E60-4E8E-A6A2-626311E58840}"
EndProject
Project("{FAE04EC0-301F-11D3-BF4B-00C04F79EFBC}") = "mitoSoft.Graphs.Dijkstra", "mitoSoft.Graphs.Dijkstra\mitoSoft.Graphs.Dijkstra.csproj", "{14363941-83C1-485E-9EF9-F20A29BA354D}"
EndProject
Project("{FAE04EC0-301F-11D3-BF4B-00C04F79EFBC}") = "mitoSoft.Graphs.UnitTest", "mitoSoft.Graphs.UnitTest\mitoSoft.Graphs.UnitTest.csproj", "{9010D6BE-D7EC-4541-87FB-F1E043E94291}"
EndProject
Global
	GlobalSection(SolutionConfigurationPlatforms) = preSolution
		Debug|x64 = Debug|x64
		Debug|x86 = Debug|x86
		Release|x64 = Release|x64
		Release|x86 = Release|x86
	EndGlobalSection
	GlobalSection(ProjectConfigurationPlatforms) = postSolution
		{B91D512C-8E60-4E8E-A6A2-626311E58840}.Debug|x64.ActiveCfg = Debug|x64
		{B91D512C-8E60-4E8E-A6A2-626311E58840}.Debug|x64.Build.0 = Debug|x64
		{B91D512C-8E60-4E8E-A6A2-626311E58840}.Debug|x86.ActiveCfg = Debug|x86
		{B91D512C-8E60-4E8E-A6A2-626311E58840}.Debug|x86.Build.0 = Debug|x86
		{B91D512C-8E60-4E8E-A6A2-626311E58840}.Release|x64.ActiveCfg = Release|x64
		{B91D512C-8E60-4E8E-A6A2-626311E58840}.Release|x64.Build.0 = Release|x64
		{B91D512C-8E60-4E8E-A6A2-626311E58840}.Release|x86.ActiveCfg = Release|x86
		{B91D512C-8E60-4E8E-A6A2-626311E58840}.Release|x86.Build.0 = Release|x86
		{14363941-83C1-485E-9EF9-F20A29BA354D}.Debug|x64.ActiveCfg = Debug|x64
		{14363941-83C1-485E-9EF9-F20A29BA354D}.Debug|x64.Build.0 = Debug|x64
		{14363941-83C1-485E-9EF9-F20A29BA354D}.Debug|x86.ActiveCfg = Debug|x86
		{14363941-83C1-485E-9EF9-F20A29BA354D}.Debug|x86.Build.0 = Debug|x86
		{14363941-83C1-485E-9EF9-F20A29BA354D}.Release|x64.ActiveCfg = Release|x64
		{14363941-83C1-485E-9EF9-F20A29BA354D}.Release|x64.Build.0 = Release|x64
		{14363941-83C1-485E-9EF9-F20A29BA354D}.Release|x86.ActiveCfg = Release|x86
		{14363941-83C1-485E-9EF9-F20A29BA354D}.Release|x86.Build.0 = Release|x86
		{9010D6BE-D7EC-4541-87FB-F1E043E94291}.Debug|x64.ActiveCfg = Debug|x64
		{9010D6BE-D7EC-4541-87FB-F1E043E94291}.Debug|x64.Build.0 = Debug|x64
		{9010D6BE-D7EC-4541-87FB-F1E043E94291}.Debug|x86.ActiveCfg = Debug|x86
		{9010D6BE-D7EC-4541-87FB-F1E043E94291}.Debug|x86.Build.0 = Debug|x86
		{9010D6BE-D7EC-4541-87FB-F1E043E94291}.Release|x64.ActiveCfg = Release|x64
		{9010D6BE-D7EC-4541-87FB-F1E043E94291}.Release|x64.Build.0 = Release|x64
		{9010D6BE-D7EC-4541-87FB-F1E043E94291}.Release|x86.ActiveCfg = Release|x86
		{9010D6BE-D7EC-4541-87FB-F1E043E94291}.Release|x86.Build.0 = Release|x86
	EndGlobalSection
	GlobalSection(SolutionProperties) = preSolution
		HideSolutionNode = FALSE
	EndGlobalSection
	GlobalSection(ExtensibilityGlobals) = postSolution
		SolutionGuid = {CB1F5F78-B1A4-425C-9456-0967B07A6CEC}
	EndGlobalSection
EndGlobal
